
Microsoft Visual Studio Solution File, Format Version 12.00
# Visual Studio Version 16
VisualStudioVersion = 16.0.33423.256
MinimumVisualStudioVersion = 10.0.40219.1
Project("{FAE04EC0-301F-11D3-BF4B-00C04F79EFBC}") = "Problemadamédia2", "Problemadamédia2\Problemadamédia2.csproj", "{94E428C6-8F5B-427A-8EB9-5AE792A6CBA6}"
EndProject
Global
	GlobalSection(SolutionConfigurationPlatforms) = preSolution
		Debug|Any CPU = Debug|Any CPU
		Release|Any CPU = Release|Any CPU
	EndGlobalSection
	GlobalSection(ProjectConfigurationPlatforms) = postSolution
		{94E428C6-8F5B-427A-8EB9-5AE792A6CBA6}.Debug|Any CPU.ActiveCfg = Debug|Any CPU
		{94E428C6-8F5B-427A-8EB9-5AE792A6CBA6}.Debug|Any CPU.Build.0 = Debug|Any CPU
		{94E428C6-8F5B-427A-8EB9-5AE792A6CBA6}.Release|Any CPU.ActiveCfg = Release|Any CPU
		{94E428C6-8F5B-427A-8EB9-5AE792A6CBA6}.Release|Any CPU.Build.0 = Release|Any CPU
	EndGlobalSection
	GlobalSection(SolutionProperties) = preSolution
		HideSolutionNode = FALSE
	EndGlobalSection
	GlobalSection(ExtensibilityGlobals) = postSolution
		SolutionGuid = {6850390A-2C1B-4780-9E93-60934F70E23F}
	EndGlobalSection
EndGlobal
